
Microsoft Visual Studio Solution File, Format Version 12.00
# Visual Studio Version 17
VisualStudioVersion = 17.10.35027.167
MinimumVisualStudioVersion = 10.0.40219.1
Project("{FAE04EC0-301F-11D3-BF4B-00C04F79EFBC}") = "ConsoleApp1", "ConsoleApp1.csproj", "{EA9A27EE-F2F7-44AC-A428-5F7F724536B1}"
EndProject
Global
	GlobalSection(SolutionConfigurationPlatforms) = preSolution
		Debug|Any CPU = Debug|Any CPU
		Release|Any CPU = Release|Any CPU
	EndGlobalSection
	GlobalSection(ProjectConfigurationPlatforms) = postSolution
		{EA9A27EE-F2F7-44AC-A428-5F7F724536B1}.Debug|Any CPU.ActiveCfg = Debug|Any CPU
		{EA9A27EE-F2F7-44AC-A428-5F7F724536B1}.Debug|Any CPU.Build.0 = Debug|Any CPU
		{EA9A27EE-F2F7-44AC-A428-5F7F724536B1}.Release|Any CPU.ActiveCfg = Release|Any CPU
		{EA9A27EE-F2F7-44AC-A428-5F7F724536B1}.Release|Any CPU.Build.0 = Release|Any CPU
	EndGlobalSection
	GlobalSection(SolutionProperties) = preSolution
		HideSolutionNode = FALSE
	EndGlobalSection
	GlobalSection(ExtensibilityGlobals) = postSolution
		SolutionGuid = {900526BD-DA65-44E0-8FD4-A2EF67B32AD4}
	EndGlobalSection
EndGlobal
